
Microsoft Visual Studio Solution File, Format Version 12.00
# Visual Studio 15
VisualStudioVersion = 15.0.26730.16
MinimumVisualStudioVersion = 10.0.40219.1
Project("{FAE04EC0-301F-11D3-BF4B-00C04F79EFBC}") = "Prescription_Renewal", "Prescription_Renewal.csproj", "{91711140-2A64-4051-9B07-3FFD7641DFB3}"
EndProject
Project("{FAE04EC0-301F-11D3-BF4B-00C04F79EFBC}") = "FlashButton", "FlashButton\FlashButton.csproj", "{40C1D7BC-D569-43AF-8C32-B0612D862F58}"
EndProject
Global
	GlobalSection(SolutionConfigurationPlatforms) = preSolution
		Debug|Any CPU = Debug|Any CPU
		Release|Any CPU = Release|Any CPU
	EndGlobalSection
	GlobalSection(ProjectConfigurationPlatforms) = postSolution
		{91711140-2A64-4051-9B07-3FFD7641DFB3}.Debug|Any CPU.ActiveCfg = Debug|Any CPU
		{91711140-2A64-4051-9B07-3FFD7641DFB3}.Debug|Any CPU.Build.0 = Debug|Any CPU
		{91711140-2A64-4051-9B07-3FFD7641DFB3}.Release|Any CPU.ActiveCfg = Release|Any CPU
		{91711140-2A64-4051-9B07-3FFD7641DFB3}.Release|Any CPU.Build.0 = Release|Any CPU
		{40C1D7BC-D569-43AF-8C32-B0612D862F58}.Debug|Any CPU.ActiveCfg = Debug|Any CPU
		{40C1D7BC-D569-43AF-8C32-B0612D862F58}.Debug|Any CPU.Build.0 = Debug|Any CPU
		{40C1D7BC-D569-43AF-8C32-B0612D862F58}.Release|Any CPU.ActiveCfg = Release|Any CPU
		{40C1D7BC-D569-43AF-8C32-B0612D862F58}.Release|Any CPU.Build.0 = Release|Any CPU
	EndGlobalSection
	GlobalSection(SolutionProperties) = preSolution
		HideSolutionNode = FALSE
	EndGlobalSection
	GlobalSection(ExtensibilityGlobals) = postSolution
		SolutionGuid = {1998D5F3-D689-45B0-BD5E-B5B1683E864B}
	EndGlobalSection
EndGlobal
